
Microsoft Visual Studio Solution File, Format Version 12.00
# Visual Studio Version 17
VisualStudioVersion = 17.4.33110.190
MinimumVisualStudioVersion = 10.0.40219.1
Project("{FAE04EC0-301F-11D3-BF4B-00C04F79EFBC}") = "domaciUkolZika", "domaciUkolZika\domaciUkolZika.csproj", "{0355EF49-38B9-4A86-B6A9-FF8A646BEDDD}"
EndProject
Global
	GlobalSection(SolutionConfigurationPlatforms) = preSolution
		Debug|Any CPU = Debug|Any CPU
		Release|Any CPU = Release|Any CPU
	EndGlobalSection
	GlobalSection(ProjectConfigurationPlatforms) = postSolution
		{0355EF49-38B9-4A86-B6A9-FF8A646BEDDD}.Debug|Any CPU.ActiveCfg = Debug|Any CPU
		{0355EF49-38B9-4A86-B6A9-FF8A646BEDDD}.Debug|Any CPU.Build.0 = Debug|Any CPU
		{0355EF49-38B9-4A86-B6A9-FF8A646BEDDD}.Release|Any CPU.ActiveCfg = Release|Any CPU
		{0355EF49-38B9-4A86-B6A9-FF8A646BEDDD}.Release|Any CPU.Build.0 = Release|Any CPU
	EndGlobalSection
	GlobalSection(SolutionProperties) = preSolution
		HideSolutionNode = FALSE
	EndGlobalSection
	GlobalSection(ExtensibilityGlobals) = postSolution
		SolutionGuid = {16BB18D4-8F56-4A1D-9F48-CF12D0E5C667}
	EndGlobalSection
EndGlobal
